
Microsoft Visual Studio Solution File, Format Version 12.00
# Visual Studio Version 17
VisualStudioVersion = 17.14.36203.30 d17.14
MinimumVisualStudioVersion = 10.0.40219.1
Project("{FAE04EC0-301F-11D3-BF4B-00C04F79EFBC}") = "CursedProfession", "CursedProfession.csproj", "{FFC0C8B6-7EA3-41EB-A667-D475B5A29FB0}"
EndProject
Global
	GlobalSection(SolutionConfigurationPlatforms) = preSolution
		Debug|Any CPU = Debug|Any CPU
		Release|Any CPU = Release|Any CPU
	EndGlobalSection
	GlobalSection(ProjectConfigurationPlatforms) = postSolution
		{FFC0C8B6-7EA3-41EB-A667-D475B5A29FB0}.Debug|Any CPU.ActiveCfg = Debug|Any CPU
		{FFC0C8B6-7EA3-41EB-A667-D475B5A29FB0}.Debug|Any CPU.Build.0 = Debug|Any CPU
		{FFC0C8B6-7EA3-41EB-A667-D475B5A29FB0}.Release|Any CPU.ActiveCfg = Release|Any CPU
		{FFC0C8B6-7EA3-41EB-A667-D475B5A29FB0}.Release|Any CPU.Build.0 = Release|Any CPU
	EndGlobalSection
	GlobalSection(SolutionProperties) = preSolution
		HideSolutionNode = FALSE
	EndGlobalSection
	GlobalSection(ExtensibilityGlobals) = postSolution
		SolutionGuid = {6E256EE1-CDA8-45CF-BCF9-2A98CBA4E19B}
	EndGlobalSection
EndGlobal
