
Microsoft Visual Studio Solution File, Format Version 12.00
# Visual Studio Version 17
VisualStudioVersion = 17.14.36203.30 d17.14
MinimumVisualStudioVersion = 10.0.40219.1
Project("{FAE04EC0-301F-11D3-BF4B-00C04F79EFBC}") = "CustomContentLoader", "CustomContentLoader.csproj", "{13FDC462-0403-44B6-A33D-DCF6EB70C01A}"
EndProject
Global
	GlobalSection(SolutionConfigurationPlatforms) = preSolution
		Debug|Any CPU = Debug|Any CPU
		Release|Any CPU = Release|Any CPU
	EndGlobalSection
	GlobalSection(ProjectConfigurationPlatforms) = postSolution
		{13FDC462-0403-44B6-A33D-DCF6EB70C01A}.Debug|Any CPU.ActiveCfg = Debug|Any CPU
		{13FDC462-0403-44B6-A33D-DCF6EB70C01A}.Debug|Any CPU.Build.0 = Debug|Any CPU
		{13FDC462-0403-44B6-A33D-DCF6EB70C01A}.Release|Any CPU.ActiveCfg = Release|Any CPU
		{13FDC462-0403-44B6-A33D-DCF6EB70C01A}.Release|Any CPU.Build.0 = Release|Any CPU
	EndGlobalSection
	GlobalSection(SolutionProperties) = preSolution
		HideSolutionNode = FALSE
	EndGlobalSection
	GlobalSection(ExtensibilityGlobals) = postSolution
		SolutionGuid = {BEB673ED-4E9E-4B4A-A466-C2757FA2D292}
	EndGlobalSection
EndGlobal
