
Microsoft Visual Studio Solution File, Format Version 12.00
# Visual Studio Version 17
VisualStudioVersion = 17.14.36203.30 d17.14
MinimumVisualStudioVersion = 10.0.40219.1
Project("{FAE04EC0-301F-11D3-BF4B-00C04F79EFBC}") = "DreamQuestFixes", "DreamQuestFixes.csproj", "{D9DE8549-5698-4137-BCAB-A08110BE471A}"
EndProject
Global
	GlobalSection(SolutionConfigurationPlatforms) = preSolution
		Debug|Any CPU = Debug|Any CPU
		Release|Any CPU = Release|Any CPU
	EndGlobalSection
	GlobalSection(ProjectConfigurationPlatforms) = postSolution
		{D9DE8549-5698-4137-BCAB-A08110BE471A}.Debug|Any CPU.ActiveCfg = Debug|Any CPU
		{D9DE8549-5698-4137-BCAB-A08110BE471A}.Debug|Any CPU.Build.0 = Debug|Any CPU
		{D9DE8549-5698-4137-BCAB-A08110BE471A}.Release|Any CPU.ActiveCfg = Release|Any CPU
		{D9DE8549-5698-4137-BCAB-A08110BE471A}.Release|Any CPU.Build.0 = Release|Any CPU
	EndGlobalSection
	GlobalSection(SolutionProperties) = preSolution
		HideSolutionNode = FALSE
	EndGlobalSection
	GlobalSection(ExtensibilityGlobals) = postSolution
		SolutionGuid = {BB6E0665-113B-4569-9F39-238D58642DB6}
	EndGlobalSection
EndGlobal
